
Microsoft Visual Studio Solution File, Format Version 12.00
# Visual Studio Version 17
VisualStudioVersion = 17.14.36109.1 d17.14
MinimumVisualStudioVersion = 10.0.40219.1
Project("{FAE04EC0-301F-11D3-BF4B-00C04F79EFBC}") = "CartePompier", "CartePompier\CartePompier.csproj", "{B99BDD35-E8E6-457E-A5C5-A5B0477CB6B6}"
EndProject
Global
	GlobalSection(SolutionConfigurationPlatforms) = preSolution
		Debug|Any CPU = Debug|Any CPU
		Release|Any CPU = Release|Any CPU
	EndGlobalSection
	GlobalSection(ProjectConfigurationPlatforms) = postSolution
		{B99BDD35-E8E6-457E-A5C5-A5B0477CB6B6}.Debug|Any CPU.ActiveCfg = Debug|Any CPU
		{B99BDD35-E8E6-457E-A5C5-A5B0477CB6B6}.Debug|Any CPU.Build.0 = Debug|Any CPU
		{B99BDD35-E8E6-457E-A5C5-A5B0477CB6B6}.Release|Any CPU.ActiveCfg = Release|Any CPU
		{B99BDD35-E8E6-457E-A5C5-A5B0477CB6B6}.Release|Any CPU.Build.0 = Release|Any CPU
	EndGlobalSection
	GlobalSection(SolutionProperties) = preSolution
		HideSolutionNode = FALSE
	EndGlobalSection
	GlobalSection(ExtensibilityGlobals) = postSolution
		SolutionGuid = {33ADA11E-44F8-4294-BAF5-4977AF02A951}
	EndGlobalSection
EndGlobal
