
Microsoft Visual Studio Solution File, Format Version 12.00
# Visual Studio Version 17
VisualStudioVersion = 17.12.35707.178
MinimumVisualStudioVersion = 10.0.40219.1
Project("{FAE04EC0-301F-11D3-BF4B-00C04F79EFBC}") = "SAE-Caserne", "SAE-Caserne\SAE-Caserne.csproj", "{09D824C6-A246-44EF-8939-83C30CC2EDDD}"
EndProject
Project("{2150E333-8FDC-42A3-9474-1A3956D46DE8}") = "Éléments de solution", "Éléments de solution", "{13123F25-30BB-42F2-B52A-470463C956A2}"
EndProject
Global
	GlobalSection(SolutionConfigurationPlatforms) = preSolution
		Debug|Any CPU = Debug|Any CPU
		Release|Any CPU = Release|Any CPU
	EndGlobalSection
	GlobalSection(ProjectConfigurationPlatforms) = postSolution
		{09D824C6-A246-44EF-8939-83C30CC2EDDD}.Debug|Any CPU.ActiveCfg = Debug|Any CPU
		{09D824C6-A246-44EF-8939-83C30CC2EDDD}.Debug|Any CPU.Build.0 = Debug|Any CPU
		{09D824C6-A246-44EF-8939-83C30CC2EDDD}.Release|Any CPU.ActiveCfg = Release|Any CPU
		{09D824C6-A246-44EF-8939-83C30CC2EDDD}.Release|Any CPU.Build.0 = Release|Any CPU
	EndGlobalSection
	GlobalSection(SolutionProperties) = preSolution
		HideSolutionNode = FALSE
	EndGlobalSection
EndGlobal
