
Microsoft Visual Studio Solution File, Format Version 12.00
# Visual Studio Version 17
VisualStudioVersion = 17.10.34928.147
MinimumVisualStudioVersion = 10.0.40219.1
Project("{FAE04EC0-301F-11D3-BF4B-00C04F79EFBC}") = "UserControlAjouterMission", "UserControlAjouterMission\UserControlAjouterMission.csproj", "{FB499447-ECB7-47C5-9035-40A7AD2589CF}"
EndProject
Global
	GlobalSection(SolutionConfigurationPlatforms) = preSolution
		Debug|Any CPU = Debug|Any CPU
		Release|Any CPU = Release|Any CPU
	EndGlobalSection
	GlobalSection(ProjectConfigurationPlatforms) = postSolution
		{FB499447-ECB7-47C5-9035-40A7AD2589CF}.Debug|Any CPU.ActiveCfg = Debug|Any CPU
		{FB499447-ECB7-47C5-9035-40A7AD2589CF}.Debug|Any CPU.Build.0 = Debug|Any CPU
		{FB499447-ECB7-47C5-9035-40A7AD2589CF}.Release|Any CPU.ActiveCfg = Release|Any CPU
		{FB499447-ECB7-47C5-9035-40A7AD2589CF}.Release|Any CPU.Build.0 = Release|Any CPU
	EndGlobalSection
	GlobalSection(SolutionProperties) = preSolution
		HideSolutionNode = FALSE
	EndGlobalSection
	GlobalSection(ExtensibilityGlobals) = postSolution
		SolutionGuid = {2D11E17B-B82D-4910-AEE7-E03BE6A4FD2A}
	EndGlobalSection
EndGlobal
